
Microsoft Visual Studio Solution File, Format Version 12.00
# Visual Studio Version 16
VisualStudioVersion = 16.0.29709.97
MinimumVisualStudioVersion = 10.0.40219.1
Project("{FAE04EC0-301F-11D3-BF4B-00C04F79EFBC}") = "2zadanie", "2zadanie\2zadanie.csproj", "{7DDF4C1C-B6B6-421E-A6E1-1D2B31119475}"
EndProject
Global
	GlobalSection(SolutionConfigurationPlatforms) = preSolution
		Debug|Any CPU = Debug|Any CPU
		Release|Any CPU = Release|Any CPU
	EndGlobalSection
	GlobalSection(ProjectConfigurationPlatforms) = postSolution
		{7DDF4C1C-B6B6-421E-A6E1-1D2B31119475}.Debug|Any CPU.ActiveCfg = Debug|Any CPU
		{7DDF4C1C-B6B6-421E-A6E1-1D2B31119475}.Debug|Any CPU.Build.0 = Debug|Any CPU
		{7DDF4C1C-B6B6-421E-A6E1-1D2B31119475}.Release|Any CPU.ActiveCfg = Release|Any CPU
		{7DDF4C1C-B6B6-421E-A6E1-1D2B31119475}.Release|Any CPU.Build.0 = Release|Any CPU
	EndGlobalSection
	GlobalSection(SolutionProperties) = preSolution
		HideSolutionNode = FALSE
	EndGlobalSection
	GlobalSection(ExtensibilityGlobals) = postSolution
		SolutionGuid = {FF87212F-2155-4E38-9B5C-250D0D9F19B0}
	EndGlobalSection
EndGlobal
